// !$*UTF8*$!
{
	archiveVersion = 1;
	classes = {
	};
	objectVersion = 56;
	objects = {

/* Begin PBXBuildFile section */
		065E02BE296F4FD700A43347 /* AppDelegate.swift in Sources */ = {isa = PBXBuildFile; fileRef = 065E02BD296F4FD700A43347 /* AppDelegate.swift */; };
		065E02C0296F4FD700A43347 /* SceneDelegate.swift in Sources */ = {isa = PBXBuildFile; fileRef = 065E02BF296F4FD700A43347 /* SceneDelegate.swift */; };
		065E02C2296F4FD700A43347 /* ViewController.swift in Sources */ = {isa = PBXBuildFile; fileRef = 065E02C1296F4FD700A43347 /* ViewController.swift */; };
		065E02C5296F4FD700A43347 /* Main.storyboard in Resources */ = {isa = PBXBuildFile; fileRef = 065E02C3296F4FD700A43347 /* Main.storyboard */; };
		065E02C7296F4FD800A43347 /* Assets.xcassets in Resources */ = {isa = PBXBuildFile; fileRef = 065E02C6296F4FD800A43347 /* Assets.xcassets */; };
		065E02CA296F4FD800A43347 /* LaunchScreen.storyboard in Resources */ = {isa = PBXBuildFile; fileRef = 065E02C8296F4FD800A43347 /* LaunchScreen.storyboard */; };
		065E02D5296F4FD800A43347 /* WelcomeTests.swift in Sources */ = {isa = PBXBuildFile; fileRef = 065E02D4296F4FD800A43347 /* WelcomeTests.swift */; };
		065E02DF296F4FD800A43347 /* WelcomeUITests.swift in Sources */ = {isa = PBXBuildFile; fileRef = 065E02DE296F4FD800A43347 /* WelcomeUITests.swift */; };
		065E02E1296F4FD800A43347 /* WelcomeUITestsLaunchTests.swift in Sources */ = {isa = PBXBuildFile; fileRef = 065E02E0296F4FD800A43347 /* WelcomeUITestsLaunchTests.swift */; };
/* End PBXBuildFile section */

/* Begin PBXContainerItemProxy section */
		065E02D1296F4FD800A43347 /* PBXContainerItemProxy */ = {
			isa = PBXContainerItemProxy;
			containerPortal = 065E02B2296F4FD700A43347 /* Project object */;
			proxyType = 1;
			remoteGlobalIDString = 065E02B9296F4FD700A43347;
			remoteInfo = Welcome;
		};
		065E02DB296F4FD800A43347 /* PBXContainerItemProxy */ = {
			isa = PBXContainerItemProxy;
			containerPortal = 065E02B2296F4FD700A43347 /* Project object */;
			proxyType = 1;
			remoteGlobalIDString = 065E02B9296F4FD700A43347;
			remoteInfo = Welcome;
		};
/* End PBXContainerItemProxy section */

/* Begin PBXFileReference section */
		065E02BA296F4FD700A43347 /* Welcome.app */ = {isa = PBXFileReference; explicitFileType = wrapper.application; includeInIndex = 0; path = Welcome.app; sourceTree = BUILT_PRODUCTS_DIR; };
		065E02BD296F4FD700A43347 /* AppDelegate.swift */ = {isa = PBXFileReference; lastKnownFileType = sourcecode.swift; path = AppDelegate.swift; sourceTree = "<group>"; };
		065E02BF296F4FD700A43347 /* SceneDelegate.swift */ = {isa = PBXFileReference; lastKnownFileType = sourcecode.swift; path = SceneDelegate.swift; sourceTree = "<group>"; };
		065E02C1296F4FD700A43347 /* ViewController.swift */ = {isa = PBXFileReference; lastKnownFileType = sourcecode.swift; path = ViewController.swift; sourceTree = "<group>"; };
		065E02C4296F4FD700A43347 /* Base */ = {isa = PBXFileReference; lastKnownFileType = file.storyboard; name = Base; path = Base.lproj/Main.storyboard; sourceTree = "<group>"; };
		065E02C6296F4FD800A43347 /* Assets.xcassets */ = {isa = PBXFileReference; lastKnownFileType = folder.assetcatalog; path = Assets.xcassets; sourceTree = "<group>"; };
		065E02C9296F4FD800A43347 /* Base */ = {isa = PBXFileReference; lastKnownFileType = file.storyboard; name = Base; path = Base.lproj/LaunchScreen.storyboard; sourceTree = "<group>"; };
		065E02CB296F4FD800A43347 /* Info.plist */ = {isa = PBXFileReference; lastKnownFileType = text.plist.xml; path = Info.plist; sourceTree = "<group>"; };
		065E02D0296F4FD800A43347 /* WelcomeTests.xctest */ = {isa = PBXFileReference; explicitFileType = wrapper.cfbundle; includeInIndex = 0; path = WelcomeTests.xctest; sourceTree = BUILT_PRODUCTS_DIR; };
		065E02D4296F4FD800A43347 /* WelcomeTests.swift */ = {isa = PBXFileReference; lastKnownFileType = sourcecode.swift; path = WelcomeTests.swift; sourceTree = "<group>"; };
		065E02DA296F4FD800A43347 /* WelcomeUITests.xctest */ = {isa = PBXFileReference; explicitFileType = wrapper.cfbundle; includeInIndex = 0; path = WelcomeUITests.xctest; sourceTree = BUILT_PRODUCTS_DIR; };
		065E02DE296F4FD800A43347 /* WelcomeUITests.swift */ = {isa = PBXFileReference; lastKnownFileType = sourcecode.swift; path = WelcomeUITests.swift; sourceTree = "<group>"; };
		065E02E0296F4FD800A43347 /* WelcomeUITestsLaunchTests.swift */ = {isa = PBXFileReference; lastKnownFileType = sourcecode.swift; path = WelcomeUITestsLaunchTests.swift; sourceTree = "<group>"; };
/* End PBXFileReference section */

/* Begin PBXFrameworksBuildPhase section */
		065E02B7296F4FD700A43347 /* Frameworks */ = {
			isa = PBXFrameworksBuildPhase;
			buildActionMask = 2147483647;
			files = (
			);
			runOnlyForDeploymentPostprocessing = 0;
		};
		065E02CD296F4FD800A43347 /* Frameworks */ = {
			isa = PBXFrameworksBuildPhase;
			buildActionMask = 2147483647;
			files = (
			);
			runOnlyForDeploymentPostprocessing = 0;
		};
		065E02D7296F4FD800A43347 /* Frameworks */ = {
			isa = PBXFrameworksBuildPhase;
			buildActionMask = 2147483647;
			files = (
			);
			runOnlyForDeploymentPostprocessing = 0;
		};
/* End PBXFrameworksBuildPhase section */

/* Begin PBXGroup section */
		065E02B1296F4FD700A43347 = {
			isa = PBXGroup;
			children = (
				065E02BC296F4FD700A43347 /* Welcome */,
				065E02D3296F4FD800A43347 /* WelcomeTests */,
				065E02DD296F4FD800A43347 /* WelcomeUITests */,
				065E02BB296F4FD700A43347 /* Products */,
			);
			sourceTree = "<group>";
		};
		065E02BB296F4FD700A43347 /* Products */ = {
			isa = PBXGroup;
			children = (
				065E02BA296F4FD700A43347 /* Welcome.app */,
				065E02D0296F4FD800A43347 /* WelcomeTests.xctest */,
				065E02DA296F4FD800A43347 /* WelcomeUITests.xctest */,
			);
			name = Products;
			sourceTree = "<group>";
		};
		065E02BC296F4FD700A43347 /* Welcome */ = {
			isa = PBXGroup;
			children = (
				065E02BD296F4FD700A43347 /* AppDelegate.swift */,
				065E02BF296F4FD700A43347 /* SceneDelegate.swift */,
				065E02C1296F4FD700A43347 /* ViewController.swift */,
				065E02C3296F4FD700A43347 /* Main.storyboard */,
				065E02C6296F4FD800A43347 /* Assets.xcassets */,
				065E02C8296F4FD800A43347 /* LaunchScreen.storyboard */,
				065E02CB296F4FD800A43347 /* Info.plist */,
			);
			path = Welcome;
			sourceTree = "<group>";
		};
		065E02D3296F4FD800A43347 /* WelcomeTests */ = {
			isa = PBXGroup;
			children = (
				065E02D4296F4FD800A43347 /* WelcomeTests.swift */,
			);
			path = WelcomeTests;
			sourceTree = "<group>";
		};
		065E02DD296F4FD800A43347 /* WelcomeUITests */ = {
			isa = PBXGroup;
			children = (
				065E02DE296F4FD800A43347 /* WelcomeUITests.swift */,
				065E02E0296F4FD800A43347 /* WelcomeUITestsLaunchTests.swift */,
			);
			path = WelcomeUITests;
			sourceTree = "<group>";
		};
/* End PBXGroup section */

/* Begin PBXNativeTarget section */
		065E02B9296F4FD700A43347 /* Welcome */ = {
			isa = PBXNativeTarget;
			buildConfigurationList = 065E02E4296F4FD800A43347 /* Build configuration list for PBXNativeTarget "Welcome" */;
			buildPhases = (
				065E02B6296F4FD700A43347 /* Sources */,
				065E02B7296F4FD700A43347 /* Frameworks */,
				065E02B8296F4FD700A43347 /* Resources */,
			);
			buildRules = (
			);
			dependencies = (
			);
			name = Welcome;
			productName = Welcome;
			productReference = 065E02BA296F4FD700A43347 /* Welcome.app */;
			productType = "com.apple.product-type.application";
		};
		065E02CF296F4FD800A43347 /* WelcomeTests */ = {
			isa = PBXNativeTarget;
			buildConfigurationList = 065E02E7296F4FD800A43347 /* Build configuration list for PBXNativeTarget "WelcomeTests" */;
			buildPhases = (
				065E02CC296F4FD800A43347 /* Sources */,
				065E02CD296F4FD800A43347 /* Frameworks */,
				065E02CE296F4FD800A43347 /* Resources */,
			);
			buildRules = (
			);
			dependencies = (
				065E02D2296F4FD800A43347 /* PBXTargetDependency */,
			);
			name = WelcomeTests;
			productName = WelcomeTests;
			productReference = 065E02D0296F4FD800A43347 /* WelcomeTests.xctest */;
			productType = "com.apple.product-type.bundle.unit-test";
		};
		065E02D9296F4FD800A43347 /* WelcomeUITests */ = {
			isa = PBXNativeTarget;
			buildConfigurationList = 065E02EA296F4FD800A43347 /* Build configuration list for PBXNativeTarget "WelcomeUITests" */;
			buildPhases = (
				065E02D6296F4FD800A43347 /* Sources */,
				065E02D7296F4FD800A43347 /* Frameworks */,
				065E02D8296F4FD800A43347 /* Resources */,
			);
			buildRules = (
			);
			dependencies = (
				065E02DC296F4FD800A43347 /* PBXTargetDependency */,
			);
			name = WelcomeUITests;
			productName = WelcomeUITests;
			productReference = 065E02DA296F4FD800A43347 /* WelcomeUITests.xctest */;
			productType = "com.apple.product-type.bundle.ui-testing";
		};
/* End PBXNativeTarget section */

/* Begin PBXProject section */
		065E02B2296F4FD700A43347 /* Project object */ = {
			isa = PBXProject;
			attributes = {
				BuildIndependentTargetsInParallel = 1;
				LastSwiftUpdateCheck = 1420;
				LastUpgradeCheck = 1420;
				TargetAttributes = {
					065E02B9296F4FD700A43347 = {
						CreatedOnToolsVersion = 14.2;
					};
					065E02CF296F4FD800A43347 = {
						CreatedOnToolsVersion = 14.2;
						TestTargetID = 065E02B9296F4FD700A43347;
					};
					065E02D9296F4FD800A43347 = {
						CreatedOnToolsVersion = 14.2;
						TestTargetID = 065E02B9296F4FD700A43347;
					};
				};
			};
			buildConfigurationList = 065E02B5296F4FD700A43347 /* Build configuration list for PBXProject "Welcome" */;
			compatibilityVersion = "Xcode 14.0";
			developmentRegion = en;
			hasScannedForEncodings = 0;
			knownRegions = (
				en,
				Base,
			);
			mainGroup = 065E02B1296F4FD700A43347;
			productRefGroup = 065E02BB296F4FD700A43347 /* Products */;
			projectDirPath = "";
			projectRoot = "";
			targets = (
				065E02B9296F4FD700A43347 /* Welcome */,
				065E02CF296F4FD800A43347 /* WelcomeTests */,
				065E02D9296F4FD800A43347 /* WelcomeUITests */,
			);
		};
/* End PBXProject section */

/* Begin PBXResourcesBuildPhase section */
		065E02B8296F4FD700A43347 /* Resources */ = {
			isa = PBXResourcesBuildPhase;
			buildActionMask = 2147483647;
			files = (
				065E02CA296F4FD800A43347 /* LaunchScreen.storyboard in Resources */,
				065E02C7296F4FD800A43347 /* Assets.xcassets in Resources */,
				065E02C5296F4FD700A43347 /* Main.storyboard in Resources */,
			);
			runOnlyForDeploymentPostprocessing = 0;
		};
		065E02CE296F4FD800A43347 /* Resources */ = {
			isa = PBXResourcesBuildPhase;
			buildActionMask = 2147483647;
			files = (
			);
			runOnlyForDeploymentPostprocessing = 0;
		};
		065E02D8296F4FD800A43347 /* Resources */ = {
			isa = PBXResourcesBuildPhase;
			buildActionMask = 2147483647;
			files = (
			);
			runOnlyForDeploymentPostprocessing = 0;
		};
/* End PBXResourcesBuildPhase section */

/* Begin PBXSourcesBuildPhase section */
		065E02B6296F4FD700A43347 /* Sources */ = {
			isa = PBXSourcesBuildPhase;
			buildActionMask = 2147483647;
			files = (
				065E02C2296F4FD700A43347 /* ViewController.swift in Sources */,
				065E02BE296F4FD700A43347 /* AppDelegate.swift in Sources */,
				065E02C0296F4FD700A43347 /* SceneDelegate.swift in Sources */,
			);
			runOnlyForDeploymentPostprocessing = 0;
		};
		065E02CC296F4FD800A43347 /* Sources */ = {
			isa = PBXSourcesBuildPhase;
			buildActionMask = 2147483647;
			files = (
				065E02D5296F4FD800A43347 /* WelcomeTests.swift in Sources */,
			);
			runOnlyForDeploymentPostprocessing = 0;
		};
		065E02D6296F4FD800A43347 /* Sources */ = {
			isa = PBXSourcesBuildPhase;
			buildActionMask = 2147483647;
			files = (
				065E02DF296F4FD800A43347 /* WelcomeUITests.swift in Sources */,
				065E02E1296F4FD800A43347 /* WelcomeUITestsLaunchTests.swift in Sources */,
			);
			runOnlyForDeploymentPostprocessing = 0;
		};
/* End PBXSourcesBuildPhase section */

/* Begin PBXTargetDependency section */
		065E02D2296F4FD800A43347 /* PBXTargetDependency */ = {
			isa = PBXTargetDependency;
			target = 065E02B9296F4FD700A43347 /* Welcome */;
			targetProxy = 065E02D1296F4FD800A43347 /* PBXContainerItemProxy */;
		};
		065E02DC296F4FD800A43347 /* PBXTargetDependency */ = {
			isa = PBXTargetDependency;
			target = 065E02B9296F4FD700A43347 /* Welcome */;
			targetProxy = 065E02DB296F4FD800A43347 /* PBXContainerItemProxy */;
		};
/* End PBXTargetDependency section */

/* Begin PBXVariantGroup section */
		065E02C3296F4FD700A43347 /* Main.storyboard */ = {
			isa = PBXVariantGroup;
			children = (
				065E02C4296F4FD700A43347 /* Base */,
			);
			name = Main.storyboard;
			sourceTree = "<group>";
		};
		065E02C8296F4FD800A43347 /* LaunchScreen.storyboard */ = {
			isa = PBXVariantGroup;
			children = (
				065E02C9296F4FD800A43347 /* Base */,
			);
			name = LaunchScreen.storyboard;
			sourceTree = "<group>";
		};
/* End PBXVariantGroup section */

/* Begin XCBuildConfiguration section */
		065E02E2296F4FD800A43347 /* Debug */ = {
			isa = XCBuildConfiguration;
			buildSettings = {
				ALWAYS_SEARCH_USER_PATHS = NO;
				CLANG_ANALYZER_NONNULL = YES;
				CLANG_ANALYZER_NUMBER_OBJECT_CONVERSION = YES_AGGRESSIVE;
				CLANG_CXX_LANGUAGE_STANDARD = "gnu++20";
				CLANG_ENABLE_MODULES = YES;
				CLANG_ENABLE_OBJC_ARC = YES;
				CLANG_ENABLE_OBJC_WEAK = YES;
				CLANG_WARN_BLOCK_CAPTURE_AUTORELEASING = YES;
				CLANG_WARN_BOOL_CONVERSION = YES;
				CLANG_WARN_COMMA = YES;
				CLANG_WARN_CONSTANT_CONVERSION = YES;
				CLANG_WARN_DEPRECATED_OBJC_IMPLEMENTATIONS = YES;
				CLANG_WARN_DIRECT_OBJC_ISA_USAGE = YES_ERROR;
				CLANG_WARN_DOCUMENTATION_COMMENTS = YES;
				CLANG_WARN_EMPTY_BODY = YES;
				CLANG_WARN_ENUM_CONVERSION = YES;
				CLANG_WARN_INFINITE_RECURSION = YES;
				CLANG_WARN_INT_CONVERSION = YES;
				CLANG_WARN_NON_LITERAL_NULL_CONVERSION = YES;
				CLANG_WARN_OBJC_IMPLICIT_RETAIN_SELF = YES;
				CLANG_WARN_OBJC_LITERAL_CONVERSION = YES;
				CLANG_WARN_OBJC_ROOT_CLASS = YES_ERROR;
				CLANG_WARN_QUOTED_INCLUDE_IN_FRAMEWORK_HEADER = YES;
				CLANG_WARN_RANGE_LOOP_ANALYSIS = YES;
				CLANG_WARN_STRICT_PROTOTYPES = YES;
				CLANG_WARN_SUSPICIOUS_MOVE = YES;
				CLANG_WARN_UNGUARDED_AVAILABILITY = YES_AGGRESSIVE;
				CLANG_WARN_UNREACHABLE_CODE = YES;
				CLANG_WARN__DUPLICATE_METHOD_MATCH = YES;
				COPY_PHASE_STRIP = NO;
				DEBUG_INFORMATION_FORMAT = dwarf;
				ENABLE_STRICT_OBJC_MSGSEND = YES;
				ENABLE_TESTABILITY = YES;
				GCC_C_LANGUAGE_STANDARD = gnu11;
				GCC_DYNAMIC_NO_PIC = NO;
				GCC_NO_COMMON_BLOCKS = YES;
				GCC_OPTIMIZATION_LEVEL = 0;
				GCC_PREPROCESSOR_DEFINITIONS = (
					"DEBUG=1",
					"$(inherited)",
				);
				GCC_WARN_64_TO_32_BIT_CONVERSION = YES;
				GCC_WARN_ABOUT_RETURN_TYPE = YES_ERROR;
				GCC_WARN_UNDECLARED_SELECTOR = YES;
				GCC_WARN_UNINITIALIZED_AUTOS = YES_AGGRESSIVE;
				GCC_WARN_UNUSED_FUNCTION = YES;
				GCC_WARN_UNUSED_VARIABLE = YES;
				IPHONEOS_DEPLOYMENT_TARGET = 16.2;
				MTL_ENABLE_DEBUG_INFO = INCLUDE_SOURCE;
				MTL_FAST_MATH = YES;
				ONLY_ACTIVE_ARCH = YES;
				SDKROOT = iphoneos;
				SWIFT_ACTIVE_COMPILATION_CONDITIONS = DEBUG;
				SWIFT_OPTIMIZATION_LEVEL = "-Onone";
			};
			name = Debug;
		};
		065E02E3296F4FD800A43347 /* Release */ = {
			isa = XCBuildConfiguration;
			buildSettings = {
				ALWAYS_SEARCH_USER_PATHS = NO;
				CLANG_ANALYZER_NONNULL = YES;
				CLANG_ANALYZER_NUMBER_OBJECT_CONVERSION = YES_AGGRESSIVE;
				CLANG_CXX_LANGUAGE_STANDARD = "gnu++20";
				CLANG_ENABLE_MODULES = YES;
				CLANG_ENABLE_OBJC_ARC = YES;
				CLANG_ENABLE_OBJC_WEAK = YES;
				CLANG_WARN_BLOCK_CAPTURE_AUTORELEASING = YES;
				CLANG_WARN_BOOL_CONVERSION = YES;
				CLANG_WARN_COMMA = YES;
				CLANG_WARN_CONSTANT_CONVERSION = YES;
				CLANG_WARN_DEPRECATED_OBJC_IMPLEMENTATIONS = YES;
				CLANG_WARN_DIRECT_OBJC_ISA_USAGE = YES_ERROR;
				CLANG_WARN_DOCUMENTATION_COMMENTS = YES;
				CLANG_WARN_EMPTY_BODY = YES;
				CLANG_WARN_ENUM_CONVERSION = YES;
				CLANG_WARN_INFINITE_RECURSION = YES;
				CLANG_WARN_INT_CONVERSION = YES;
				CLANG_WARN_NON_LITERAL_NULL_CONVERSION = YES;
				CLANG_WARN_OBJC_IMPLICIT_RETAIN_SELF = YES;
				CLANG_WARN_OBJC_LITERAL_CONVERSION = YES;
				CLANG_WARN_OBJC_ROOT_CLASS = YES_ERROR;
				CLANG_WARN_QUOTED_INCLUDE_IN_FRAMEWORK_HEADER = YES;
				CLANG_WARN_RANGE_LOOP_ANALYSIS = YES;
				CLANG_WARN_STRICT_PROTOTYPES = YES;
				CLANG_WARN_SUSPICIOUS_MOVE = YES;
				CLANG_WARN_UNGUARDED_AVAILABILITY = YES_AGGRESSIVE;
				CLANG_WARN_UNREACHABLE_CODE = YES;
				CLANG_WARN__DUPLICATE_METHOD_MATCH = YES;
				COPY_PHASE_STRIP = NO;
				DEBUG_INFORMATION_FORMAT = "dwarf-with-dsym";
				ENABLE_NS_ASSERTIONS = NO;
				ENABLE_STRICT_OBJC_MSGSEND = YES;
				GCC_C_LANGUAGE_STANDARD = gnu11;
				GCC_NO_COMMON_BLOCKS = YES;
				GCC_WARN_64_TO_32_BIT_CONVERSION = YES;
				GCC_WARN_ABOUT_RETURN_TYPE = YES_ERROR;
				GCC_WARN_UNDECLARED_SELECTOR = YES;
				GCC_WARN_UNINITIALIZED_AUTOS = YES_AGGRESSIVE;
				GCC_WARN_UNUSED_FUNCTION = YES;
				GCC_WARN_UNUSED_VARIABLE = YES;
				IPHONEOS_DEPLOYMENT_TARGET = 16.2;
				MTL_ENABLE_DEBUG_INFO = NO;
				MTL_FAST_MATH = YES;
				SDKROOT = iphoneos;
				SWIFT_COMPILATION_MODE = wholemodule;
				SWIFT_OPTIMIZATION_LEVEL = "-O";
				VALIDATE_PRODUCT = YES;
			};
			name = Release;
		};
		065E02E5296F4FD800A43347 /* Debug */ = {
			isa = XCBuildConfiguration;
			buildSettings = {
				ASSETCATALOG_COMPILER_APPICON_NAME = AppIcon;
				ASSETCATALOG_COMPILER_GLOBAL_ACCENT_COLOR_NAME = AccentColor;
				CODE_SIGN_STYLE = Automatic;
				CURRENT_PROJECT_VERSION = 1;
				DEVELOPMENT_TEAM = A6SG9C53AP;
				GENERATE_INFOPLIST_FILE = YES;
				INFOPLIST_FILE = Welcome/Info.plist;
				INFOPLIST_KEY_UIApplicationSupportsIndirectInputEvents = YES;
				INFOPLIST_KEY_UILaunchStoryboardName = LaunchScreen;
				INFOPLIST_KEY_UIMainStoryboardFile = Main;
				INFOPLIST_KEY_UISupportedInterfaceOrientations_iPad = "UIInterfaceOrientationPortrait UIInterfaceOrientationPortraitUpsideDown UIInterfaceOrientationLandscapeLeft UIInterfaceOrientationLandscapeRight";
				INFOPLIST_KEY_UISupportedInterfaceOrientations_iPhone = "UIInterfaceOrientationPortrait UIInterfaceOrientationLandscapeLeft UIInterfaceOrientationLandscapeRight";
				LD_RUNPATH_SEARCH_PATHS = (
					"$(inherited)",
					"@executable_path/Frameworks",
				);
				MARKETING_VERSION = 1.0;
				PRODUCT_BUNDLE_IDENTIFIER = self.edu.Welcome;
				PRODUCT_NAME = "$(TARGET_NAME)";
				SWIFT_EMIT_LOC_STRINGS = YES;
				SWIFT_VERSION = 5.0;
				TARGETED_DEVICE_FAMILY = "1,2";
			};
			name = Debug;
		};
		065E02E6296F4FD800A43347 /* Release */ = {
			isa = XCBuildConfiguration;
			buildSettings = {
				ASSETCATALOG_COMPILER_APPICON_NAME = AppIcon;
				ASSETCATALOG_COMPILER_GLOBAL_ACCENT_COLOR_NAME = AccentColor;
				CODE_SIGN_STYLE = Automatic;
				CURRENT_PROJECT_VERSION = 1;
				DEVELOPMENT_TEAM = A6SG9C53AP;
				GENERATE_INFOPLIST_FILE = YES;
				INFOPLIST_FILE = Welcome/Info.plist;
				INFOPLIST_KEY_UIApplicationSupportsIndirectInputEvents = YES;
				INFOPLIST_KEY_UILaunchStoryboardName = LaunchScreen;
				INFOPLIST_KEY_UIMainStoryboardFile = Main;
				INFOPLIST_KEY_UISupportedInterfaceOrientations_iPad = "UIInterfaceOrientationPortrait UIInterfaceOrientationPortraitUpsideDown UIInterfaceOrientationLandscapeLeft UIInterfaceOrientationLandscapeRight";
				INFOPLIST_KEY_UISupportedInterfaceOrientations_iPhone = "UIInterfaceOrientationPortrait UIInterfaceOrientationLandscapeLeft UIInterfaceOrientationLandscapeRight";
				LD_RUNPATH_SEARCH_PATHS = (
					"$(inherited)",
					"@executable_path/Frameworks",
				);
				MARKETING_VERSION = 1.0;
				PRODUCT_BUNDLE_IDENTIFIER = self.edu.Welcome;
				PRODUCT_NAME = "$(TARGET_NAME)";
				SWIFT_EMIT_LOC_STRINGS = YES;
				SWIFT_VERSION = 5.0;
				TARGETED_DEVICE_FAMILY = "1,2";
			};
			name = Release;
		};
		065E02E8296F4FD800A43347 /* Debug */ = {
			isa = XCBuildConfiguration;
			buildSettings = {
				ALWAYS_EMBED_SWIFT_STANDARD_LIBRARIES = YES;
				BUNDLE_LOADER = "$(TEST_HOST)";
				CODE_SIGN_STYLE = Automatic;
				CURRENT_PROJECT_VERSION = 1;
				DEVELOPMENT_TEAM = A6SG9C53AP;
				GENERATE_INFOPLIST_FILE = YES;
				IPHONEOS_DEPLOYMENT_TARGET = 16.2;
				MARKETING_VERSION = 1.0;
				PRODUCT_BUNDLE_IDENTIFIER = self.edu.WelcomeTests;
				PRODUCT_NAME = "$(TARGET_NAME)";
				SWIFT_EMIT_LOC_STRINGS = NO;
				SWIFT_VERSION = 5.0;
				TARGETED_DEVICE_FAMILY = "1,2";
				TEST_HOST = "$(BUILT_PRODUCTS_DIR)/Welcome.app/$(BUNDLE_EXECUTABLE_FOLDER_PATH)/Welcome";
			};
			name = Debug;
		};
		065E02E9296F4FD800A43347 /* Release */ = {
			isa = XCBuildConfiguration;
			buildSettings = {
				ALWAYS_EMBED_SWIFT_STANDARD_LIBRARIES = YES;
				BUNDLE_LOADER = "$(TEST_HOST)";
				CODE_SIGN_STYLE = Automatic;
				CURRENT_PROJECT_VERSION = 1;
				DEVELOPMENT_TEAM = A6SG9C53AP;
				GENERATE_INFOPLIST_FILE = YES;
				IPHONEOS_DEPLOYMENT_TARGET = 16.2;
				MARKETING_VERSION = 1.0;
				PRODUCT_BUNDLE_IDENTIFIER = self.edu.WelcomeTests;
				PRODUCT_NAME = "$(TARGET_NAME)";
				SWIFT_EMIT_LOC_STRINGS = NO;
				SWIFT_VERSION = 5.0;
				TARGETED_DEVICE_FAMILY = "1,2";
				TEST_HOST = "$(BUILT_PRODUCTS_DIR)/Welcome.app/$(BUNDLE_EXECUTABLE_FOLDER_PATH)/Welcome";
			};
			name = Release;
		};
		065E02EB296F4FD800A43347 /* Debug */ = {
			isa = XCBuildConfiguration;
			buildSettings = {
				ALWAYS_EMBED_SWIFT_STANDARD_LIBRARIES = YES;
				CODE_SIGN_STYLE = Automatic;
				CURRENT_PROJECT_VERSION = 1;
				DEVELOPMENT_TEAM = A6SG9C53AP;
				GENERATE_INFOPLIST_FILE = YES;
				MARKETING_VERSION = 1.0;
				PRODUCT_BUNDLE_IDENTIFIER = self.edu.WelcomeUITests;
				PRODUCT_NAME = "$(TARGET_NAME)";
				SWIFT_EMIT_LOC_STRINGS = NO;
				SWIFT_VERSION = 5.0;
				TARGETED_DEVICE_FAMILY = "1,2";
				TEST_TARGET_NAME = Welcome;
			};
			name = Debug;
		};
		065E02EC296F4FD800A43347 /* Release */ = {
			isa = XCBuildConfiguration;
			buildSettings = {
				ALWAYS_EMBED_SWIFT_STANDARD_LIBRARIES = YES;
				CODE_SIGN_STYLE = Automatic;
				CURRENT_PROJECT_VERSION = 1;
				DEVELOPMENT_TEAM = A6SG9C53AP;
				GENERATE_INFOPLIST_FILE = YES;
				MARKETING_VERSION = 1.0;
				PRODUCT_BUNDLE_IDENTIFIER = self.edu.WelcomeUITests;
				PRODUCT_NAME = "$(TARGET_NAME)";
				SWIFT_EMIT_LOC_STRINGS = NO;
				SWIFT_VERSION = 5.0;
				TARGETED_DEVICE_FAMILY = "1,2";
				TEST_TARGET_NAME = Welcome;
			};
			name = Release;
		};
/* End XCBuildConfiguration section */

/* Begin XCConfigurationList section */
		065E02B5296F4FD700A43347 /* Build configuration list for PBXProject "Welcome" */ = {
			isa = XCConfigurationList;
			buildConfigurations = (
				065E02E2296F4FD800A43347 /* Debug */,
				065E02E3296F4FD800A43347 /* Release */,
			);
			defaultConfigurationIsVisible = 0;
			defaultConfigurationName = Release;
		};
		065E02E4296F4FD800A43347 /* Build configuration list for PBXNativeTarget "Welcome" */ = {
			isa = XCConfigurationList;
			buildConfigurations = (
				065E02E5296F4FD800A43347 /* Debug */,
				065E02E6296F4FD800A43347 /* Release */,
			);
			defaultConfigurationIsVisible = 0;
			defaultConfigurationName = Release;
		};
		065E02E7296F4FD800A43347 /* Build configuration list for PBXNativeTarget "WelcomeTests" */ = {
			isa = XCConfigurationList;
			buildConfigurations = (
				065E02E8296F4FD800A43347 /* Debug */,
				065E02E9296F4FD800A43347 /* Release */,
			);
			defaultConfigurationIsVisible = 0;
			defaultConfigurationName = Release;
		};
		065E02EA296F4FD800A43347 /* Build configuration list for PBXNativeTarget "WelcomeUITests" */ = {
			isa = XCConfigurationList;
			buildConfigurations = (
				065E02EB296F4FD800A43347 /* Debug */,
				065E02EC296F4FD800A43347 /* Release */,
			);
			defaultConfigurationIsVisible = 0;
			defaultConfigurationName = Release;
		};
/* End XCConfigurationList section */
	};
	rootObject = 065E02B2296F4FD700A43347 /* Project object */;
}
